
Microsoft Visual Studio Solution File, Format Version 12.00
# Visual Studio Version 17
VisualStudioVersion = 17.10.35027.167
MinimumVisualStudioVersion = 10.0.40219.1
Project("{FAE04EC0-301F-11D3-BF4B-00C04F79EFBC}") = "AppStructure", "AppStructure\AppStructure.csproj", "{CA697375-00D5-4E55-BA70-4C9C9438A8E3}"
EndProject
Global
	GlobalSection(SolutionConfigurationPlatforms) = preSolution
		Debug|Any CPU = Debug|Any CPU
		Release|Any CPU = Release|Any CPU
	EndGlobalSection
	GlobalSection(ProjectConfigurationPlatforms) = postSolution
		{CA697375-00D5-4E55-BA70-4C9C9438A8E3}.Debug|Any CPU.ActiveCfg = Debug|Any CPU
		{CA697375-00D5-4E55-BA70-4C9C9438A8E3}.Debug|Any CPU.Build.0 = Debug|Any CPU
		{CA697375-00D5-4E55-BA70-4C9C9438A8E3}.Release|Any CPU.ActiveCfg = Release|Any CPU
		{CA697375-00D5-4E55-BA70-4C9C9438A8E3}.Release|Any CPU.Build.0 = Release|Any CPU
	EndGlobalSection
	GlobalSection(SolutionProperties) = preSolution
		HideSolutionNode = FALSE
	EndGlobalSection
	GlobalSection(ExtensibilityGlobals) = postSolution
		SolutionGuid = {E7271DF1-1F1C-4246-A1C1-BB1025EDD7DB}
	EndGlobalSection
EndGlobal
